# @generated by Move, please check-in and do not edit manually.

[move]
version = 3
manifest_digest = "CCBBCAD67316FB00E48353053578FA98F4151B73D4C5CE04C01A2A9F2B61D35D"
deps_digest = "F8BBB0CCB2491CA29A3DF03D6F92277A4F3574266507ACD77214D37ECA3F3082"
dependencies = [
  { id = "Sui", name = "Sui" },
]

[[move.package]]
id = "MoveStdlib"
source = { git = "https://github.com/MystenLabs/sui.git", rev = "devnet", subdir = "crates/sui-framework/packages/move-stdlib" }

[[move.package]]
id = "Sui"
source = { git = "https://github.com/MystenLabs/sui.git", rev = "devnet", subdir = "crates/sui-framework/packages/sui-framework" }

dependencies = [
  { id = "MoveStdlib", name = "MoveStdlib" },
]

[move.toolchain-version]
compiler-version = "1.47.0"
edition = "2024"
flavor = "sui"

[env]

[env.testnet-new]
chain-id = "4c78adac"
original-published-id = "0x94d890a5677922d1f2e51724ba9439a422235bc8e8de0ad7d8b4e06827c8d750"
latest-published-id = "0x94d890a5677922d1f2e51724ba9439a422235bc8e8de0ad7d8b4e06827c8d750"
published-version = "1"

[env.mainnet]
chain-id = "35834a8a"
original-published-id = "0x8627c085955b40ab04f04696f1e2dd34d8de30c4a9421447f6af268f2f7c93f6"
latest-published-id = "0x8627c085955b40ab04f04696f1e2dd34d8de30c4a9421447f6af268f2f7c93f6"
published-version = "1"
